<?xml version="1.0" encoding="utf-8"?>
<Project ToolsVersion="4.0" xmlns="http://schemas.microsoft.com/developer/msbuild/2003">
  <ItemGroup>
    <ClCompile Include="decorate_labels.cpp">
      <Filter>Source Files</Filter>
    </ClCompile>
    <ClCompile Include="GeneratedFiles\Debug\moc_decorate_labels.cpp">
      <Filter>Generated Files\Debug</Filter>
    </ClCompile>
  </ItemGroup>
  <ItemGroup>
    <Filter Include="Header Files">
      <UniqueIdentifier>{661a2dd4-5b43-40d0-80c1-b7d7241f6c8f}</UniqueIdentifier>
    </Filter>
    <Filter Include="Source Files">
      <UniqueIdentifier>{f779b6b1-4ca9-4b67-89ea-ed95b6a0878d}</UniqueIdentifier>
    </Filter>
    <Filter Include="Generated Files">
      <UniqueIdentifier>{30009c28-6d4b-4f55-b67e-b9e973e8c857}</UniqueIdentifier>
    </Filter>
    <Filter Include="Generated Files\Release">
      <UniqueIdentifier>{c6325347-b690-42c6-8d77-84971a6d00fa}</UniqueIdentifier>
    </Filter>
    <Filter Include="Generated Files\Debug">
      <UniqueIdentifier>{46b0bb9e-086d-4e0a-8de2-078335479b41}</UniqueIdentifier>
    </Filter>
  </ItemGroup>
  <ItemGroup>
    <CustomBuild Include="decorate_labels.h">
      <Filter>Header Files</Filter>
    </CustomBuild>
  </ItemGroup>
</Project>